
Microsoft Visual Studio Solution File, Format Version 12.00
# Visual Studio Version 17
VisualStudioVersion = 17.11.35222.181
MinimumVisualStudioVersion = 10.0.40219.1
Project("{FAE04EC0-301F-11D3-BF4B-00C04F79EFBC}") = "console-calc", "console-calc\console-calc.csproj", "{C0B99A8C-9655-4E27-B18B-CD659F3E3AEC}"
EndProject
Global
	GlobalSection(SolutionConfigurationPlatforms) = preSolution
		Debug|Any CPU = Debug|Any CPU
		Release|Any CPU = Release|Any CPU
	EndGlobalSection
	GlobalSection(ProjectConfigurationPlatforms) = postSolution
		{C0B99A8C-9655-4E27-B18B-CD659F3E3AEC}.Debug|Any CPU.ActiveCfg = Debug|Any CPU
		{C0B99A8C-9655-4E27-B18B-CD659F3E3AEC}.Debug|Any CPU.Build.0 = Debug|Any CPU
		{C0B99A8C-9655-4E27-B18B-CD659F3E3AEC}.Release|Any CPU.ActiveCfg = Release|Any CPU
		{C0B99A8C-9655-4E27-B18B-CD659F3E3AEC}.Release|Any CPU.Build.0 = Release|Any CPU
	EndGlobalSection
	GlobalSection(SolutionProperties) = preSolution
		HideSolutionNode = FALSE
	EndGlobalSection
	GlobalSection(ExtensibilityGlobals) = postSolution
		SolutionGuid = {D746A294-13DA-4CA7-AD1C-9E6BE3C166C0}
	EndGlobalSection
EndGlobal
